
Microsoft Visual Studio Solution File, Format Version 12.00
# Visual Studio 15
VisualStudioVersion = 15.0.28010.2036
MinimumVisualStudioVersion = 10.0.40219.1
Project("{FAE04EC0-301F-11D3-BF4B-00C04F79EFBC}") = "Encryption", "Encryption\Encryption.csproj", "{44C6A79B-0A5A-45FB-85CC-744BF6E4A9CF}"
EndProject
Global
	GlobalSection(SolutionConfigurationPlatforms) = preSolution
		Debug|Any CPU = Debug|Any CPU
		Release|Any CPU = Release|Any CPU
	EndGlobalSection
	GlobalSection(ProjectConfigurationPlatforms) = postSolution
		{44C6A79B-0A5A-45FB-85CC-744BF6E4A9CF}.Debug|Any CPU.ActiveCfg = Debug|Any CPU
		{44C6A79B-0A5A-45FB-85CC-744BF6E4A9CF}.Debug|Any CPU.Build.0 = Debug|Any CPU
		{44C6A79B-0A5A-45FB-85CC-744BF6E4A9CF}.Release|Any CPU.ActiveCfg = Release|Any CPU
		{44C6A79B-0A5A-45FB-85CC-744BF6E4A9CF}.Release|Any CPU.Build.0 = Release|Any CPU
	EndGlobalSection
	GlobalSection(SolutionProperties) = preSolution
		HideSolutionNode = FALSE
	EndGlobalSection
	GlobalSection(ExtensibilityGlobals) = postSolution
		SolutionGuid = {9752B554-4C39-43A4-B7A1-3FD367A15637}
	EndGlobalSection
EndGlobal
